version: 1.0
shards:
  crystal-monetdb-libmapi:
    github: puppetpies/crystal-monetdb-libmapi
    commit: 0ea14892250cc763298af35ff8f8926747580434

  jq:
    github: maiha/jq.cr
    version: 0.3.0

  mysql:
    github: waterlink/crystal-mysql
    version: 0.4.4

  pcap:
    github: maiha/pcap.cr
    version: 0.2.5

  pg:
    github: will/crystal-pg
    version: 0.11.0

