version: 1.0
shards:
  crystal-message-queue:
    github: crystalmq/crystalmq
    commit: 0a97c95ad43f537f1587ae490579708d1de396d9

  crystal-monetdb-libmapi:
    github: puppetpies/crystal-monetdb-libmapi
    commit: bf2690bc42d60ccdc0516aa8e9bbe899910bfa5d

  jq:
    github: maiha/jq.cr
    version: 0.3.2

  msgpack:
    github: benoist/msgpack-crystal
    commit: bcd4bc4f21744312b5094e4a5fbbf0f0908c3079

  mysql:
    github: waterlink/crystal-mysql
    version: 0.4.4

  pcap:
    github: puppetpies/pcap.cr
    commit: 3be4535bd0e16718157fcac07fdb19a911866ac1

  pg:
    github: puppetpies/crystal-pg
    commit: 6b8089d34a29233ba199b40ef3249897a8dbe7e6

